{
  "requires": true,
  "lockfileVersion": 1,
  "dependencies": {
    "paper": {
      "version": "0.12.15",
      "resolved": "https://registry.npmjs.org/paper/-/paper-0.12.15.tgz",
      "integrity": "sha512-9qqtcY+V0Sd2RTLZKh7rTfWDbhfitOrtq3kzgOufhGpuYpCUXM+3UIK61au14tI0F9NA4xSttDYfk376O50aPA=="
    },
    "paperjs-offset": {
      "version": "1.0.8",
      "resolved": "https://registry.npmjs.org/paperjs-offset/-/paperjs-offset-1.0.8.tgz",
      "integrity": "sha512-rUXMtHH4bTNVrCgDcu+x71qyGoPe+01yZtrPD7bowji4VfWiDWzl4EUdRxiZnG5ooPg7b07mk6jVx33hNSojaA==",
      "requires": {
        "paper": "^0.12.4"
      }
    }
  }
}
